
Microsoft Visual Studio Solution File, Format Version 12.00
# Visual Studio 14
VisualStudioVersion = 14.0.25123.0
MinimumVisualStudioVersion = 10.0.40219.1
Project("{FAE04EC0-301F-11D3-BF4B-00C04F79EFBC}") = "DP", "DPs\DP.csproj", "{7887D1A0-A96D-4363-84D9-EE5F954694D3}"
EndProject
Project("{FAE04EC0-301F-11D3-BF4B-00C04F79EFBC}") = "DP.Domain", "Domain\DP.Domain.csproj", "{C00EE659-E70B-4705-A112-A59BE56BE8F8}"
EndProject
Global
	GlobalSection(SolutionConfigurationPlatforms) = preSolution
		Debug|Any CPU = Debug|Any CPU
		Release|Any CPU = Release|Any CPU
	EndGlobalSection
	GlobalSection(ProjectConfigurationPlatforms) = postSolution
		{7887D1A0-A96D-4363-84D9-EE5F954694D3}.Debug|Any CPU.ActiveCfg = Debug|Any CPU
		{7887D1A0-A96D-4363-84D9-EE5F954694D3}.Debug|Any CPU.Build.0 = Debug|Any CPU
		{7887D1A0-A96D-4363-84D9-EE5F954694D3}.Release|Any CPU.ActiveCfg = Release|Any CPU
		{7887D1A0-A96D-4363-84D9-EE5F954694D3}.Release|Any CPU.Build.0 = Release|Any CPU
		{C00EE659-E70B-4705-A112-A59BE56BE8F8}.Debug|Any CPU.ActiveCfg = Debug|Any CPU
		{C00EE659-E70B-4705-A112-A59BE56BE8F8}.Debug|Any CPU.Build.0 = Debug|Any CPU
		{C00EE659-E70B-4705-A112-A59BE56BE8F8}.Release|Any CPU.ActiveCfg = Release|Any CPU
		{C00EE659-E70B-4705-A112-A59BE56BE8F8}.Release|Any CPU.Build.0 = Release|Any CPU
	EndGlobalSection
	GlobalSection(SolutionProperties) = preSolution
		HideSolutionNode = FALSE
	EndGlobalSection
EndGlobal
